
Microsoft Visual Studio Solution File, Format Version 12.00
# Visual Studio Version 17
VisualStudioVersion = 17.1.32328.378
MinimumVisualStudioVersion = 10.0.40219.1
Project("{2150E333-8FDC-42A3-9474-1A3956D46DE8}") = "Solution Items", "Solution Items", "{1B50A335-8E27-4C1F-A428-F95E8F85EF14}"
	ProjectSection(SolutionItems) = preProject
		.env = .env
		README.md = README.md
	EndProjectSection
EndProject
Project("{9A19103F-16F7-4668-BE54-9A1E7A4F7556}") = "Service", "service\Service.csproj", "{73C530AB-E5EF-4744-8EFC-B920E6E8D344}"
EndProject
Project("{9A19103F-16F7-4668-BE54-9A1E7A4F7556}") = "Service.Test", "service.test\Service.Test.csproj", "{B2404FB6-0268-4C28-AAF7-D68FA260E9D4}"
	ProjectSection(ProjectDependencies) = postProject
		{73C530AB-E5EF-4744-8EFC-B920E6E8D344} = {73C530AB-E5EF-4744-8EFC-B920E6E8D344}
	EndProjectSection
EndProject
Global
	GlobalSection(SolutionConfigurationPlatforms) = preSolution
		Debug|Any CPU = Debug|Any CPU
		Release|Any CPU = Release|Any CPU
	EndGlobalSection
	GlobalSection(ProjectConfigurationPlatforms) = postSolution
		{73C530AB-E5EF-4744-8EFC-B920E6E8D344}.Debug|Any CPU.ActiveCfg = Debug|Any CPU
		{73C530AB-E5EF-4744-8EFC-B920E6E8D344}.Debug|Any CPU.Build.0 = Debug|Any CPU
		{73C530AB-E5EF-4744-8EFC-B920E6E8D344}.Release|Any CPU.ActiveCfg = Release|Any CPU
		{73C530AB-E5EF-4744-8EFC-B920E6E8D344}.Release|Any CPU.Build.0 = Release|Any CPU
		{B2404FB6-0268-4C28-AAF7-D68FA260E9D4}.Debug|Any CPU.ActiveCfg = Debug|Any CPU
		{B2404FB6-0268-4C28-AAF7-D68FA260E9D4}.Debug|Any CPU.Build.0 = Debug|Any CPU
		{B2404FB6-0268-4C28-AAF7-D68FA260E9D4}.Release|Any CPU.ActiveCfg = Release|Any CPU
		{B2404FB6-0268-4C28-AAF7-D68FA260E9D4}.Release|Any CPU.Build.0 = Release|Any CPU
	EndGlobalSection
	GlobalSection(SolutionProperties) = preSolution
		HideSolutionNode = FALSE
	EndGlobalSection
	GlobalSection(ExtensibilityGlobals) = postSolution
		SolutionGuid = {48630D99-AFCD-47FE-BDAB-03D182A4557A}
	EndGlobalSection
EndGlobal
